
Microsoft Visual Studio Solution File, Format Version 12.00
# Visual Studio Version 17
VisualStudioVersion = 17.4.33205.214
MinimumVisualStudioVersion = 10.0.40219.1
Project("{FAE04EC0-301F-11D3-BF4B-00C04F79EFBC}") = "InfoPC", "InfoPC\InfoPC.csproj", "{2B84DA0D-9B35-4BCA-A6C8-9721DAB127F9}"
EndProject
Global
	GlobalSection(SolutionConfigurationPlatforms) = preSolution
		Debug|Any CPU = Debug|Any CPU
		Release|Any CPU = Release|Any CPU
	EndGlobalSection
	GlobalSection(ProjectConfigurationPlatforms) = postSolution
		{2B84DA0D-9B35-4BCA-A6C8-9721DAB127F9}.Debug|Any CPU.ActiveCfg = Debug|Any CPU
		{2B84DA0D-9B35-4BCA-A6C8-9721DAB127F9}.Debug|Any CPU.Build.0 = Debug|Any CPU
		{2B84DA0D-9B35-4BCA-A6C8-9721DAB127F9}.Release|Any CPU.ActiveCfg = Release|Any CPU
		{2B84DA0D-9B35-4BCA-A6C8-9721DAB127F9}.Release|Any CPU.Build.0 = Release|Any CPU
	EndGlobalSection
	GlobalSection(SolutionProperties) = preSolution
		HideSolutionNode = FALSE
	EndGlobalSection
	GlobalSection(ExtensibilityGlobals) = postSolution
		SolutionGuid = {606AE078-DEEE-44D8-AA31-976E9C766B8F}
	EndGlobalSection
EndGlobal
